# THIS IS AN AUTOGENERATED FILE. DO NOT EDIT THIS FILE DIRECTLY.
# yarn lockfile v1


"@types/node@^15.0.1":
  version "15.0.1"
  resolved "https://registry.yarnpkg.com/@types/node/-/node-15.0.1.tgz#ef34dea0881028d11398be5bf4e856743e3dc35a"
  integrity sha512-TMkXt0Ck1y0KKsGr9gJtWGjttxlZnnvDtphxUOSd0bfaR6Q1jle+sPvrzNR1urqYTWMinoKvjKfXUGsumaO1PA==

"@types/vscode@^1.55.0":
  version "1.55.0"
  resolved "https://registry.yarnpkg.com/@types/vscode/-/vscode-1.55.0.tgz#58cfbebbd32b3e374e07e7858b1fd0e92b1a1d2b"
  integrity sha512-49hysH7jneTQoSC8TWbAi7nKK9Lc5osQNjmDHVosrcU8o3jecD9GrK0Qyul8q4aGPSXRfNGqIp9CBdb13akETg==
